// !$*UTF8*$!
{
	archiveVersion = 1;
	classes = {
	};
	objectVersion = 77;
	objects = {

/* Begin PBXContainerItemProxy section */
		7CB919AA2D0354F5004AB90F /* PBXContainerItemProxy */ = {
			isa = PBXContainerItemProxy;
			containerPortal = 7CB9198B2D0354F4004AB90F /* Project object */;
			proxyType = 1;
			remoteGlobalIDString = 7CB919922D0354F4004AB90F;
			remoteInfo = "ios-todo-app";
		};
		7CB919B42D0354F5004AB90F /* PBXContainerItemProxy */ = {
			isa = PBXContainerItemProxy;
			containerPortal = 7CB9198B2D0354F4004AB90F /* Project object */;
			proxyType = 1;
			remoteGlobalIDString = 7CB919922D0354F4004AB90F;
			remoteInfo = "ios-todo-app";
		};
/* End PBXContainerItemProxy section */

/* Begin PBXFileReference section */
		7CB919932D0354F4004AB90F /* ios-todo-app.app */ = {isa = PBXFileReference; explicitFileType = wrapper.application; includeInIndex = 0; path = "ios-todo-app.app"; sourceTree = BUILT_PRODUCTS_DIR; };
		7CB919A92D0354F5004AB90F /* ios-todo-appTests.xctest */ = {isa = PBXFileReference; explicitFileType = wrapper.cfbundle; includeInIndex = 0; path = "ios-todo-appTests.xctest"; sourceTree = BUILT_PRODUCTS_DIR; };
		7CB919B32D0354F5004AB90F /* ios-todo-appUITests.xctest */ = {isa = PBXFileReference; explicitFileType = wrapper.cfbundle; includeInIndex = 0; path = "ios-todo-appUITests.xctest"; sourceTree = BUILT_PRODUCTS_DIR; };
/* End PBXFileReference section */

/* Begin PBXFileSystemSynchronizedBuildFileExceptionSet section */
		7CB919BB2D0354F5004AB90F /* Exceptions for "ios-todo-app" folder in "ios-todo-app" target */ = {
			isa = PBXFileSystemSynchronizedBuildFileExceptionSet;
			membershipExceptions = (
				Info.plist,
			);
			target = 7CB919922D0354F4004AB90F /* ios-todo-app */;
		};
/* End PBXFileSystemSynchronizedBuildFileExceptionSet section */

/* Begin PBXFileSystemSynchronizedRootGroup section */
		7CB919952D0354F4004AB90F /* ios-todo-app */ = {
			isa = PBXFileSystemSynchronizedRootGroup;
			exceptions = (
				7CB919BB2D0354F5004AB90F /* Exceptions for "ios-todo-app" folder in "ios-todo-app" target */,
			);
			path = "ios-todo-app";
			sourceTree = "<group>";
		};
		7CB919AC2D0354F5004AB90F /* ios-todo-appTests */ = {
			isa = PBXFileSystemSynchronizedRootGroup;
			path = "ios-todo-appTests";
			sourceTree = "<group>";
		};
		7CB919B62D0354F5004AB90F /* ios-todo-appUITests */ = {
			isa = PBXFileSystemSynchronizedRootGroup;
			path = "ios-todo-appUITests";
			sourceTree = "<group>";
		};
/* End PBXFileSystemSynchronizedRootGroup section */

/* Begin PBXFrameworksBuildPhase section */
		7CB919902D0354F4004AB90F /* Frameworks */ = {
			isa = PBXFrameworksBuildPhase;
			buildActionMask = 2147483647;
			files = (
			);
			runOnlyForDeploymentPostprocessing = 0;
		};
		7CB919A62D0354F5004AB90F /* Frameworks */ = {
			isa = PBXFrameworksBuildPhase;
			buildActionMask = 2147483647;
			files = (
			);
			runOnlyForDeploymentPostprocessing = 0;
		};
		7CB919B02D0354F5004AB90F /* Frameworks */ = {
			isa = PBXFrameworksBuildPhase;
			buildActionMask = 2147483647;
			files = (
			);
			runOnlyForDeploymentPostprocessing = 0;
		};
/* End PBXFrameworksBuildPhase section */

/* Begin PBXGroup section */
		7CB9198A2D0354F4004AB90F = {
			isa = PBXGroup;
			children = (
				7CB919952D0354F4004AB90F /* ios-todo-app */,
				7CB919AC2D0354F5004AB90F /* ios-todo-appTests */,
				7CB919B62D0354F5004AB90F /* ios-todo-appUITests */,
				7CB919942D0354F4004AB90F /* Products */,
			);
			sourceTree = "<group>";
		};
		7CB919942D0354F4004AB90F /* Products */ = {
			isa = PBXGroup;
			children = (
				7CB919932D0354F4004AB90F /* ios-todo-app.app */,
				7CB919A92D0354F5004AB90F /* ios-todo-appTests.xctest */,
				7CB919B32D0354F5004AB90F /* ios-todo-appUITests.xctest */,
			);
			name = Products;
			sourceTree = "<group>";
		};
/* End PBXGroup section */

/* Begin PBXNativeTarget section */
		7CB919922D0354F4004AB90F /* ios-todo-app */ = {
			isa = PBXNativeTarget;
			buildConfigurationList = 7CB919BC2D0354F5004AB90F /* Build configuration list for PBXNativeTarget "ios-todo-app" */;
			buildPhases = (
				7CB9198F2D0354F4004AB90F /* Sources */,
				7CB919902D0354F4004AB90F /* Frameworks */,
				7CB919912D0354F4004AB90F /* Resources */,
			);
			buildRules = (
			);
			dependencies = (
			);
			fileSystemSynchronizedGroups = (
				7CB919952D0354F4004AB90F /* ios-todo-app */,
			);
			name = "ios-todo-app";
			packageProductDependencies = (
			);
			productName = "ios-todo-app";
			productReference = 7CB919932D0354F4004AB90F /* ios-todo-app.app */;
			productType = "com.apple.product-type.application";
		};
		7CB919A82D0354F5004AB90F /* ios-todo-appTests */ = {
			isa = PBXNativeTarget;
			buildConfigurationList = 7CB919C12D0354F5004AB90F /* Build configuration list for PBXNativeTarget "ios-todo-appTests" */;
			buildPhases = (
				7CB919A52D0354F5004AB90F /* Sources */,
				7CB919A62D0354F5004AB90F /* Frameworks */,
				7CB919A72D0354F5004AB90F /* Resources */,
			);
			buildRules = (
			);
			dependencies = (
				7CB919AB2D0354F5004AB90F /* PBXTargetDependency */,
			);
			fileSystemSynchronizedGroups = (
				7CB919AC2D0354F5004AB90F /* ios-todo-appTests */,
			);
			name = "ios-todo-appTests";
			packageProductDependencies = (
			);
			productName = "ios-todo-appTests";
			productReference = 7CB919A92D0354F5004AB90F /* ios-todo-appTests.xctest */;
			productType = "com.apple.product-type.bundle.unit-test";
		};
		7CB919B22D0354F5004AB90F /* ios-todo-appUITests */ = {
			isa = PBXNativeTarget;
			buildConfigurationList = 7CB919C42D0354F5004AB90F /* Build configuration list for PBXNativeTarget "ios-todo-appUITests" */;
			buildPhases = (
				7CB919AF2D0354F5004AB90F /* Sources */,
				7CB919B02D0354F5004AB90F /* Frameworks */,
				7CB919B12D0354F5004AB90F /* Resources */,
			);
			buildRules = (
			);
			dependencies = (
				7CB919B52D0354F5004AB90F /* PBXTargetDependency */,
			);
			fileSystemSynchronizedGroups = (
				7CB919B62D0354F5004AB90F /* ios-todo-appUITests */,
			);
			name = "ios-todo-appUITests";
			packageProductDependencies = (
			);
			productName = "ios-todo-appUITests";
			productReference = 7CB919B32D0354F5004AB90F /* ios-todo-appUITests.xctest */;
			productType = "com.apple.product-type.bundle.ui-testing";
		};
/* End PBXNativeTarget section */

/* Begin PBXProject section */
		7CB9198B2D0354F4004AB90F /* Project object */ = {
			isa = PBXProject;
			attributes = {
				BuildIndependentTargetsInParallel = 1;
				LastSwiftUpdateCheck = 1610;
				LastUpgradeCheck = 1610;
				TargetAttributes = {
					7CB919922D0354F4004AB90F = {
						CreatedOnToolsVersion = 16.1;
					};
					7CB919A82D0354F5004AB90F = {
						CreatedOnToolsVersion = 16.1;
						TestTargetID = 7CB919922D0354F4004AB90F;
					};
					7CB919B22D0354F5004AB90F = {
						CreatedOnToolsVersion = 16.1;
						TestTargetID = 7CB919922D0354F4004AB90F;
					};
				};
			};
			buildConfigurationList = 7CB9198E2D0354F4004AB90F /* Build configuration list for PBXProject "ios-todo-app" */;
			developmentRegion = en;
			hasScannedForEncodings = 0;
			knownRegions = (
				en,
				Base,
			);
			mainGroup = 7CB9198A2D0354F4004AB90F;
			minimizedProjectReferenceProxies = 1;
			preferredProjectObjectVersion = 77;
			productRefGroup = 7CB919942D0354F4004AB90F /* Products */;
			projectDirPath = "";
			projectRoot = "";
			targets = (
				7CB919922D0354F4004AB90F /* ios-todo-app */,
				7CB919A82D0354F5004AB90F /* ios-todo-appTests */,
				7CB919B22D0354F5004AB90F /* ios-todo-appUITests */,
			);
		};
/* End PBXProject section */

/* Begin PBXResourcesBuildPhase section */
		7CB919912D0354F4004AB90F /* Resources */ = {
			isa = PBXResourcesBuildPhase;
			buildActionMask = 2147483647;
			files = (
			);
			runOnlyForDeploymentPostprocessing = 0;
		};
		7CB919A72D0354F5004AB90F /* Resources */ = {
			isa = PBXResourcesBuildPhase;
			buildActionMask = 2147483647;
			files = (
			);
			runOnlyForDeploymentPostprocessing = 0;
		};
		7CB919B12D0354F5004AB90F /* Resources */ = {
			isa = PBXResourcesBuildPhase;
			buildActionMask = 2147483647;
			files = (
			);
			runOnlyForDeploymentPostprocessing = 0;
		};
/* End PBXResourcesBuildPhase section */

/* Begin PBXSourcesBuildPhase section */
		7CB9198F2D0354F4004AB90F /* Sources */ = {
			isa = PBXSourcesBuildPhase;
			buildActionMask = 2147483647;
			files = (
			);
			runOnlyForDeploymentPostprocessing = 0;
		};
		7CB919A52D0354F5004AB90F /* Sources */ = {
			isa = PBXSourcesBuildPhase;
			buildActionMask = 2147483647;
			files = (
			);
			runOnlyForDeploymentPostprocessing = 0;
		};
		7CB919AF2D0354F5004AB90F /* Sources */ = {
			isa = PBXSourcesBuildPhase;
			buildActionMask = 2147483647;
			files = (
			);
			runOnlyForDeploymentPostprocessing = 0;
		};
/* End PBXSourcesBuildPhase section */

/* Begin PBXTargetDependency section */
		7CB919AB2D0354F5004AB90F /* PBXTargetDependency */ = {
			isa = PBXTargetDependency;
			target = 7CB919922D0354F4004AB90F /* ios-todo-app */;
			targetProxy = 7CB919AA2D0354F5004AB90F /* PBXContainerItemProxy */;
		};
		7CB919B52D0354F5004AB90F /* PBXTargetDependency */ = {
			isa = PBXTargetDependency;
			target = 7CB919922D0354F4004AB90F /* ios-todo-app */;
			targetProxy = 7CB919B42D0354F5004AB90F /* PBXContainerItemProxy */;
		};
/* End PBXTargetDependency section */

/* Begin XCBuildConfiguration section */
		7CB919BD2D0354F5004AB90F /* Debug */ = {
			isa = XCBuildConfiguration;
			buildSettings = {
				ASSETCATALOG_COMPILER_APPICON_NAME = AppIcon;
				ASSETCATALOG_COMPILER_GLOBAL_ACCENT_COLOR_NAME = AccentColor;
				CODE_SIGN_STYLE = Automatic;
				CURRENT_PROJECT_VERSION = 1;
				GENERATE_INFOPLIST_FILE = YES;
				INFOPLIST_FILE = "ios-todo-app/Info.plist";
				INFOPLIST_KEY_UIApplicationSupportsIndirectInputEvents = YES;
				INFOPLIST_KEY_UILaunchStoryboardName = LaunchScreen;
				INFOPLIST_KEY_UIMainStoryboardFile = Main;
				INFOPLIST_KEY_UISupportedInterfaceOrientations_iPad = "UIInterfaceOrientationPortrait UIInterfaceOrientationPortraitUpsideDown UIInterfaceOrientationLandscapeLeft UIInterfaceOrientationLandscapeRight";
				INFOPLIST_KEY_UISupportedInterfaceOrientations_iPhone = "UIInterfaceOrientationPortrait UIInterfaceOrientationLandscapeLeft UIInterfaceOrientationLandscapeRight";
				LD_RUNPATH_SEARCH_PATHS = (
					"$(inherited)",
					"@executable_path/Frameworks",
				);
				MARKETING_VERSION = 1.0;
				PRODUCT_BUNDLE_IDENTIFIER = "com.hphukan.ios-todo-app";
				PRODUCT_NAME = "$(TARGET_NAME)";
				SWIFT_EMIT_LOC_STRINGS = YES;
				SWIFT_VERSION = 5.0;
				TARGETED_DEVICE_FAMILY = "1,2";
			};
			name = Debug;
		};
		7CB919BE2D0354F5004AB90F /* Release */ = {
			isa = XCBuildConfiguration;
			buildSettings = {
				ASSETCATALOG_COMPILER_APPICON_NAME = AppIcon;
				ASSETCATALOG_COMPILER_GLOBAL_ACCENT_COLOR_NAME = AccentColor;
				CODE_SIGN_STYLE = Automatic;
				CURRENT_PROJECT_VERSION = 1;
				GENERATE_INFOPLIST_FILE = YES;
				INFOPLIST_FILE = "ios-todo-app/Info.plist";
				INFOPLIST_KEY_UIApplicationSupportsIndirectInputEvents = YES;
				INFOPLIST_KEY_UILaunchStoryboardName = LaunchScreen;
				INFOPLIST_KEY_UIMainStoryboardFile = Main;
				INFOPLIST_KEY_UISupportedInterfaceOrientations_iPad = "UIInterfaceOrientationPortrait UIInterfaceOrientationPortraitUpsideDown UIInterfaceOrientationLandscapeLeft UIInterfaceOrientationLandscapeRight";
				INFOPLIST_KEY_UISupportedInterfaceOrientations_iPhone = "UIInterfaceOrientationPortrait UIInterfaceOrientationLandscapeLeft UIInterfaceOrientationLandscapeRight";
				LD_RUNPATH_SEARCH_PATHS = (
					"$(inherited)",
					"@executable_path/Frameworks",
				);
				MARKETING_VERSION = 1.0;
				PRODUCT_BUNDLE_IDENTIFIER = "com.hphukan.ios-todo-app";
				PRODUCT_NAME = "$(TARGET_NAME)";
				SWIFT_EMIT_LOC_STRINGS = YES;
				SWIFT_VERSION = 5.0;
				TARGETED_DEVICE_FAMILY = "1,2";
			};
			name = Release;
		};
		7CB919BF2D0354F5004AB90F /* Debug */ = {
			isa = XCBuildConfiguration;
			buildSettings = {
				ALWAYS_SEARCH_USER_PATHS = NO;
				ASSETCATALOG_COMPILER_GENERATE_SWIFT_ASSET_SYMBOL_EXTENSIONS = YES;
				CLANG_ANALYZER_NONNULL = YES;
				CLANG_ANALYZER_NUMBER_OBJECT_CONVERSION = YES_AGGRESSIVE;
				CLANG_CXX_LANGUAGE_STANDARD = "gnu++20";
				CLANG_ENABLE_MODULES = YES;
				CLANG_ENABLE_OBJC_ARC = YES;
				CLANG_ENABLE_OBJC_WEAK = YES;
				CLANG_WARN_BLOCK_CAPTURE_AUTORELEASING = YES;
				CLANG_WARN_BOOL_CONVERSION = YES;
				CLANG_WARN_COMMA = YES;
				CLANG_WARN_CONSTANT_CONVERSION = YES;
				CLANG_WARN_DEPRECATED_OBJC_IMPLEMENTATIONS = YES;
				CLANG_WARN_DIRECT_OBJC_ISA_USAGE = YES_ERROR;
				CLANG_WARN_DOCUMENTATION_COMMENTS = YES;
				CLANG_WARN_EMPTY_BODY = YES;
				CLANG_WARN_ENUM_CONVERSION = YES;
				CLANG_WARN_INFINITE_RECURSION = YES;
				CLANG_WARN_INT_CONVERSION = YES;
				CLANG_WARN_NON_LITERAL_NULL_CONVERSION = YES;
				CLANG_WARN_OBJC_IMPLICIT_RETAIN_SELF = YES;
				CLANG_WARN_OBJC_LITERAL_CONVERSION = YES;
				CLANG_WARN_OBJC_ROOT_CLASS = YES_ERROR;
				CLANG_WARN_QUOTED_INCLUDE_IN_FRAMEWORK_HEADER = YES;
				CLANG_WARN_RANGE_LOOP_ANALYSIS = YES;
				CLANG_WARN_STRICT_PROTOTYPES = YES;
				CLANG_WARN_SUSPICIOUS_MOVE = YES;
				CLANG_WARN_UNGUARDED_AVAILABILITY = YES_AGGRESSIVE;
				CLANG_WARN_UNREACHABLE_CODE = YES;
				CLANG_WARN__DUPLICATE_METHOD_MATCH = YES;
				COPY_PHASE_STRIP = NO;
				DEBUG_INFORMATION_FORMAT = dwarf;
				ENABLE_STRICT_OBJC_MSGSEND = YES;
				ENABLE_TESTABILITY = YES;
				ENABLE_USER_SCRIPT_SANDBOXING = YES;
				GCC_C_LANGUAGE_STANDARD = gnu17;
				GCC_DYNAMIC_NO_PIC = NO;
				GCC_NO_COMMON_BLOCKS = YES;
				GCC_OPTIMIZATION_LEVEL = 0;
				GCC_PREPROCESSOR_DEFINITIONS = (
					"DEBUG=1",
					"$(inherited)",
				);
				GCC_WARN_64_TO_32_BIT_CONVERSION = YES;
				GCC_WARN_ABOUT_RETURN_TYPE = YES_ERROR;
				GCC_WARN_UNDECLARED_SELECTOR = YES;
				GCC_WARN_UNINITIALIZED_AUTOS = YES_AGGRESSIVE;
				GCC_WARN_UNUSED_FUNCTION = YES;
				GCC_WARN_UNUSED_VARIABLE = YES;
				IPHONEOS_DEPLOYMENT_TARGET = 18.1;
				LOCALIZATION_PREFERS_STRING_CATALOGS = YES;
				MTL_ENABLE_DEBUG_INFO = INCLUDE_SOURCE;
				MTL_FAST_MATH = YES;
				ONLY_ACTIVE_ARCH = YES;
				SDKROOT = iphoneos;
				SWIFT_ACTIVE_COMPILATION_CONDITIONS = "DEBUG $(inherited)";
				SWIFT_OPTIMIZATION_LEVEL = "-Onone";
			};
			name = Debug;
		};
		7CB919C02D0354F5004AB90F /* Release */ = {
			isa = XCBuildConfiguration;
			buildSettings = {
				ALWAYS_SEARCH_USER_PATHS = NO;
				ASSETCATALOG_COMPILER_GENERATE_SWIFT_ASSET_SYMBOL_EXTENSIONS = YES;
				CLANG_ANALYZER_NONNULL = YES;
				CLANG_ANALYZER_NUMBER_OBJECT_CONVERSION = YES_AGGRESSIVE;
				CLANG_CXX_LANGUAGE_STANDARD = "gnu++20";
				CLANG_ENABLE_MODULES = YES;
				CLANG_ENABLE_OBJC_ARC = YES;
				CLANG_ENABLE_OBJC_WEAK = YES;
				CLANG_WARN_BLOCK_CAPTURE_AUTORELEASING = YES;
				CLANG_WARN_BOOL_CONVERSION = YES;
				CLANG_WARN_COMMA = YES;
				CLANG_WARN_CONSTANT_CONVERSION = YES;
				CLANG_WARN_DEPRECATED_OBJC_IMPLEMENTATIONS = YES;
				CLANG_WARN_DIRECT_OBJC_ISA_USAGE = YES_ERROR;
				CLANG_WARN_DOCUMENTATION_COMMENTS = YES;
				CLANG_WARN_EMPTY_BODY = YES;
				CLANG_WARN_ENUM_CONVERSION = YES;
				CLANG_WARN_INFINITE_RECURSION = YES;
				CLANG_WARN_INT_CONVERSION = YES;
				CLANG_WARN_NON_LITERAL_NULL_CONVERSION = YES;
				CLANG_WARN_OBJC_IMPLICIT_RETAIN_SELF = YES;
				CLANG_WARN_OBJC_LITERAL_CONVERSION = YES;
				CLANG_WARN_OBJC_ROOT_CLASS = YES_ERROR;
				CLANG_WARN_QUOTED_INCLUDE_IN_FRAMEWORK_HEADER = YES;
				CLANG_WARN_RANGE_LOOP_ANALYSIS = YES;
				CLANG_WARN_STRICT_PROTOTYPES = YES;
				CLANG_WARN_SUSPICIOUS_MOVE = YES;
				CLANG_WARN_UNGUARDED_AVAILABILITY = YES_AGGRESSIVE;
				CLANG_WARN_UNREACHABLE_CODE = YES;
				CLANG_WARN__DUPLICATE_METHOD_MATCH = YES;
				COPY_PHASE_STRIP = NO;
				DEBUG_INFORMATION_FORMAT = "dwarf-with-dsym";
				ENABLE_NS_ASSERTIONS = NO;
				ENABLE_STRICT_OBJC_MSGSEND = YES;
				ENABLE_USER_SCRIPT_SANDBOXING = YES;
				GCC_C_LANGUAGE_STANDARD = gnu17;
				GCC_NO_COMMON_BLOCKS = YES;
				GCC_WARN_64_TO_32_BIT_CONVERSION = YES;
				GCC_WARN_ABOUT_RETURN_TYPE = YES_ERROR;
				GCC_WARN_UNDECLARED_SELECTOR = YES;
				GCC_WARN_UNINITIALIZED_AUTOS = YES_AGGRESSIVE;
				GCC_WARN_UNUSED_FUNCTION = YES;
				GCC_WARN_UNUSED_VARIABLE = YES;
				IPHONEOS_DEPLOYMENT_TARGET = 18.1;
				LOCALIZATION_PREFERS_STRING_CATALOGS = YES;
				MTL_ENABLE_DEBUG_INFO = NO;
				MTL_FAST_MATH = YES;
				SDKROOT = iphoneos;
				SWIFT_COMPILATION_MODE = wholemodule;
				VALIDATE_PRODUCT = YES;
			};
			name = Release;
		};
		7CB919C22D0354F5004AB90F /* Debug */ = {
			isa = XCBuildConfiguration;
			buildSettings = {
				BUNDLE_LOADER = "$(TEST_HOST)";
				CODE_SIGN_STYLE = Automatic;
				CURRENT_PROJECT_VERSION = 1;
				GENERATE_INFOPLIST_FILE = YES;
				IPHONEOS_DEPLOYMENT_TARGET = 18.1;
				MARKETING_VERSION = 1.0;
				PRODUCT_BUNDLE_IDENTIFIER = "com.hphukan.ios-todo-appTests";
				PRODUCT_NAME = "$(TARGET_NAME)";
				SWIFT_EMIT_LOC_STRINGS = NO;
				SWIFT_VERSION = 5.0;
				TARGETED_DEVICE_FAMILY = "1,2";
				TEST_HOST = "$(BUILT_PRODUCTS_DIR)/ios-todo-app.app/$(BUNDLE_EXECUTABLE_FOLDER_PATH)/ios-todo-app";
			};
			name = Debug;
		};
		7CB919C32D0354F5004AB90F /* Release */ = {
			isa = XCBuildConfiguration;
			buildSettings = {
				BUNDLE_LOADER = "$(TEST_HOST)";
				CODE_SIGN_STYLE = Automatic;
				CURRENT_PROJECT_VERSION = 1;
				GENERATE_INFOPLIST_FILE = YES;
				IPHONEOS_DEPLOYMENT_TARGET = 18.1;
				MARKETING_VERSION = 1.0;
				PRODUCT_BUNDLE_IDENTIFIER = "com.hphukan.ios-todo-appTests";
				PRODUCT_NAME = "$(TARGET_NAME)";
				SWIFT_EMIT_LOC_STRINGS = NO;
				SWIFT_VERSION = 5.0;
				TARGETED_DEVICE_FAMILY = "1,2";
				TEST_HOST = "$(BUILT_PRODUCTS_DIR)/ios-todo-app.app/$(BUNDLE_EXECUTABLE_FOLDER_PATH)/ios-todo-app";
			};
			name = Release;
		};
		7CB919C52D0354F5004AB90F /* Debug */ = {
			isa = XCBuildConfiguration;
			buildSettings = {
				CODE_SIGN_STYLE = Automatic;
				CURRENT_PROJECT_VERSION = 1;
				GENERATE_INFOPLIST_FILE = YES;
				MARKETING_VERSION = 1.0;
				PRODUCT_BUNDLE_IDENTIFIER = "com.hphukan.ios-todo-appUITests";
				PRODUCT_NAME = "$(TARGET_NAME)";
				SWIFT_EMIT_LOC_STRINGS = NO;
				SWIFT_VERSION = 5.0;
				TARGETED_DEVICE_FAMILY = "1,2";
				TEST_TARGET_NAME = "ios-todo-app";
			};
			name = Debug;
		};
		7CB919C62D0354F5004AB90F /* Release */ = {
			isa = XCBuildConfiguration;
			buildSettings = {
				CODE_SIGN_STYLE = Automatic;
				CURRENT_PROJECT_VERSION = 1;
				GENERATE_INFOPLIST_FILE = YES;
				MARKETING_VERSION = 1.0;
				PRODUCT_BUNDLE_IDENTIFIER = "com.hphukan.ios-todo-appUITests";
				PRODUCT_NAME = "$(TARGET_NAME)";
				SWIFT_EMIT_LOC_STRINGS = NO;
				SWIFT_VERSION = 5.0;
				TARGETED_DEVICE_FAMILY = "1,2";
				TEST_TARGET_NAME = "ios-todo-app";
			};
			name = Release;
		};
/* End XCBuildConfiguration section */

/* Begin XCConfigurationList section */
		7CB9198E2D0354F4004AB90F /* Build configuration list for PBXProject "ios-todo-app" */ = {
			isa = XCConfigurationList;
			buildConfigurations = (
				7CB919BF2D0354F5004AB90F /* Debug */,
				7CB919C02D0354F5004AB90F /* Release */,
			);
			defaultConfigurationIsVisible = 0;
			defaultConfigurationName = Release;
		};
		7CB919BC2D0354F5004AB90F /* Build configuration list for PBXNativeTarget "ios-todo-app" */ = {
			isa = XCConfigurationList;
			buildConfigurations = (
				7CB919BD2D0354F5004AB90F /* Debug */,
				7CB919BE2D0354F5004AB90F /* Release */,
			);
			defaultConfigurationIsVisible = 0;
			defaultConfigurationName = Release;
		};
		7CB919C12D0354F5004AB90F /* Build configuration list for PBXNativeTarget "ios-todo-appTests" */ = {
			isa = XCConfigurationList;
			buildConfigurations = (
				7CB919C22D0354F5004AB90F /* Debug */,
				7CB919C32D0354F5004AB90F /* Release */,
			);
			defaultConfigurationIsVisible = 0;
			defaultConfigurationName = Release;
		};
		7CB919C42D0354F5004AB90F /* Build configuration list for PBXNativeTarget "ios-todo-appUITests" */ = {
			isa = XCConfigurationList;
			buildConfigurations = (
				7CB919C52D0354F5004AB90F /* Debug */,
				7CB919C62D0354F5004AB90F /* Release */,
			);
			defaultConfigurationIsVisible = 0;
			defaultConfigurationName = Release;
		};
/* End XCConfigurationList section */
	};
	rootObject = 7CB9198B2D0354F4004AB90F /* Project object */;
}
